
Microsoft Visual Studio Solution File, Format Version 12.00
# Visual Studio Version 16
VisualStudioVersion = 16.0.30309.148
MinimumVisualStudioVersion = 10.0.40219.1
Project("{FAE04EC0-301F-11D3-BF4B-00C04F79EFBC}") = "DAO", "DAO\DAO.csproj", "{52BE84F1-A4B4-4CB6-ADFD-616C15CA83D2}"
EndProject
Project("{FAE04EC0-301F-11D3-BF4B-00C04F79EFBC}") = "DTO", "DTO\DTO.csproj", "{74535F3A-5217-42E5-B9C7-0BBA6ACC9524}"
EndProject
Project("{FAE04EC0-301F-11D3-BF4B-00C04F79EFBC}") = "BUS", "BUS\BUS.csproj", "{3D2FCBCC-9B95-44D2-874C-063C570E3359}"
EndProject
Project("{FAE04EC0-301F-11D3-BF4B-00C04F79EFBC}") = "GUI", "GUI\GUI.csproj", "{3AEA5B7A-0424-4524-9C9C-EF3655EA712A}"
EndProject
Global
	GlobalSection(SolutionConfigurationPlatforms) = preSolution
		Debug|Any CPU = Debug|Any CPU
		Release|Any CPU = Release|Any CPU
	EndGlobalSection
	GlobalSection(ProjectConfigurationPlatforms) = postSolution
		{52BE84F1-A4B4-4CB6-ADFD-616C15CA83D2}.Debug|Any CPU.ActiveCfg = Debug|Any CPU
		{52BE84F1-A4B4-4CB6-ADFD-616C15CA83D2}.Debug|Any CPU.Build.0 = Debug|Any CPU
		{52BE84F1-A4B4-4CB6-ADFD-616C15CA83D2}.Release|Any CPU.ActiveCfg = Release|Any CPU
		{52BE84F1-A4B4-4CB6-ADFD-616C15CA83D2}.Release|Any CPU.Build.0 = Release|Any CPU
		{74535F3A-5217-42E5-B9C7-0BBA6ACC9524}.Debug|Any CPU.ActiveCfg = Debug|Any CPU
		{74535F3A-5217-42E5-B9C7-0BBA6ACC9524}.Debug|Any CPU.Build.0 = Debug|Any CPU
		{74535F3A-5217-42E5-B9C7-0BBA6ACC9524}.Release|Any CPU.ActiveCfg = Release|Any CPU
		{74535F3A-5217-42E5-B9C7-0BBA6ACC9524}.Release|Any CPU.Build.0 = Release|Any CPU
		{3D2FCBCC-9B95-44D2-874C-063C570E3359}.Debug|Any CPU.ActiveCfg = Debug|Any CPU
		{3D2FCBCC-9B95-44D2-874C-063C570E3359}.Debug|Any CPU.Build.0 = Debug|Any CPU
		{3D2FCBCC-9B95-44D2-874C-063C570E3359}.Release|Any CPU.ActiveCfg = Release|Any CPU
		{3D2FCBCC-9B95-44D2-874C-063C570E3359}.Release|Any CPU.Build.0 = Release|Any CPU
		{3AEA5B7A-0424-4524-9C9C-EF3655EA712A}.Debug|Any CPU.ActiveCfg = Debug|Any CPU
		{3AEA5B7A-0424-4524-9C9C-EF3655EA712A}.Debug|Any CPU.Build.0 = Debug|Any CPU
		{3AEA5B7A-0424-4524-9C9C-EF3655EA712A}.Release|Any CPU.ActiveCfg = Release|Any CPU
		{3AEA5B7A-0424-4524-9C9C-EF3655EA712A}.Release|Any CPU.Build.0 = Release|Any CPU
	EndGlobalSection
	GlobalSection(SolutionProperties) = preSolution
		HideSolutionNode = FALSE
	EndGlobalSection
	GlobalSection(ExtensibilityGlobals) = postSolution
		SolutionGuid = {0DAE8A7E-AB6E-4ABF-86A3-B7603CAE04C1}
	EndGlobalSection
EndGlobal
