
Microsoft Visual Studio Solution File, Format Version 12.00
# Visual Studio 15
VisualStudioVersion = 15.0.28307.1231
MinimumVisualStudioVersion = 10.0.40219.1
Project("{FAE04EC0-301F-11D3-BF4B-00C04F79EFBC}") = "DAL", "DAL\DAL.csproj", "{77640D0A-95A1-48AC-8E05-69F31C60070F}"
EndProject
Global
	GlobalSection(SolutionConfigurationPlatforms) = preSolution
		Debug|Any CPU = Debug|Any CPU
		Release|Any CPU = Release|Any CPU
	EndGlobalSection
	GlobalSection(ProjectConfigurationPlatforms) = postSolution
		{77640D0A-95A1-48AC-8E05-69F31C60070F}.Debug|Any CPU.ActiveCfg = Debug|Any CPU
		{77640D0A-95A1-48AC-8E05-69F31C60070F}.Debug|Any CPU.Build.0 = Debug|Any CPU
		{77640D0A-95A1-48AC-8E05-69F31C60070F}.Release|Any CPU.ActiveCfg = Release|Any CPU
		{77640D0A-95A1-48AC-8E05-69F31C60070F}.Release|Any CPU.Build.0 = Release|Any CPU
	EndGlobalSection
	GlobalSection(SolutionProperties) = preSolution
		HideSolutionNode = FALSE
	EndGlobalSection
	GlobalSection(ExtensibilityGlobals) = postSolution
		SolutionGuid = {0DAE8A7E-AB6E-4ABF-86A3-B7603CAE04C1}
	EndGlobalSection
EndGlobal
